
Microsoft Visual Studio Solution File, Format Version 12.00
# Visual Studio Version 17
VisualStudioVersion = 17.8.34525.116
MinimumVisualStudioVersion = 10.0.40219.1
Project("{9A19103F-16F7-4668-BE54-9A1E7A4F7556}") = "TrackerLibrary", "TrackerLibrary\TrackerLibrary.csproj", "{F88D6005-713A-4AAD-BFEA-005A459C4245}"
EndProject
Project("{FAE04EC0-301F-11D3-BF4B-00C04F79EFBC}") = "TrackerUI", "TrackerUI\TrackerUI.csproj", "{2CA5B3D6-AEB5-46DB-9E94-A8BC810F4731}"
EndProject
Global
	GlobalSection(SolutionConfigurationPlatforms) = preSolution
		Debug|Any CPU = Debug|Any CPU
		Release|Any CPU = Release|Any CPU
	EndGlobalSection
	GlobalSection(ProjectConfigurationPlatforms) = postSolution
		{F88D6005-713A-4AAD-BFEA-005A459C4245}.Debug|Any CPU.ActiveCfg = Debug|Any CPU
		{F88D6005-713A-4AAD-BFEA-005A459C4245}.Debug|Any CPU.Build.0 = Debug|Any CPU
		{F88D6005-713A-4AAD-BFEA-005A459C4245}.Release|Any CPU.ActiveCfg = Release|Any CPU
		{F88D6005-713A-4AAD-BFEA-005A459C4245}.Release|Any CPU.Build.0 = Release|Any CPU
		{2CA5B3D6-AEB5-46DB-9E94-A8BC810F4731}.Debug|Any CPU.ActiveCfg = Debug|Any CPU
		{2CA5B3D6-AEB5-46DB-9E94-A8BC810F4731}.Debug|Any CPU.Build.0 = Debug|Any CPU
		{2CA5B3D6-AEB5-46DB-9E94-A8BC810F4731}.Release|Any CPU.ActiveCfg = Release|Any CPU
		{2CA5B3D6-AEB5-46DB-9E94-A8BC810F4731}.Release|Any CPU.Build.0 = Release|Any CPU
	EndGlobalSection
	GlobalSection(SolutionProperties) = preSolution
		HideSolutionNode = FALSE
	EndGlobalSection
	GlobalSection(ExtensibilityGlobals) = postSolution
		SolutionGuid = {4D08EDC5-0E39-4B99-8EDC-A120EE8E1781}
	EndGlobalSection
EndGlobal
